<?xml version="1.0" encoding="UTF-8"?>
<Scheme
   version = "1.3">
   <BuildAction>
      <BuildActionEntries>
         <BuildActionEntry
            buildForRunning = "YES">
            <BuildableReference
               BuildableIdentifier = "primary"
               BlueprintIdentifier = "985B3F6E2008E657005EDCF2"
               BuildableName = "AntennaSDKDemo.app"
               BlueprintName = "AntennaSDKDemo"
               ReferencedContainer = "container:AntennaSDKDemo.xcodeproj">
            </BuildableReference>
         </BuildActionEntry>
      </BuildActionEntries>
   </BuildAction>
   <LaunchAction
      useCustomWorkingDirectory = "NO"
      buildConfiguration = "Debug">
      <BuildableProductRunnable>
         <BuildableReference
            BuildableIdentifier = "primary"
            BlueprintIdentifier = "985B3F6E2008E657005EDCF2"
            BuildableName = "AntennaSDKDemo.app"
            BlueprintName = "AntennaSDKDemo"
            ReferencedContainer = "container:AntennaSDKDemo.xcodeproj">
         </BuildableReference>
      </BuildableProductRunnable>
   </LaunchAction>
</Scheme>
